
Microsoft Visual Studio Solution File, Format Version 12.00
# Visual Studio 14
VisualStudioVersion = 14.0.25420.1
MinimumVisualStudioVersion = 10.0.40219.1
Project("{FAE04EC0-301F-11D3-BF4B-00C04F79EFBC}") = "Galapagos", "Galapagos\Galapagos.csproj", "{541991D0-0224-4C34-AC3B-C91D6CB60035}"
EndProject
Project("{FAE04EC0-301F-11D3-BF4B-00C04F79EFBC}") = "Galapagos.UnitTests", "Galapagos.UnitTests\Galapagos.UnitTests.csproj", "{D86DAA88-8481-48F5-B250-21D3F420FAAB}"
EndProject
Project("{2150E333-8FDC-42A3-9474-1A3956D46DE8}") = "Solution Items", "Solution Items", "{E7DBF3E2-0578-4AE2-B946-F8E04653B940}"
	ProjectSection(SolutionItems) = preProject
		LICENSE.mit = LICENSE.mit
	EndProjectSection
EndProject
Global
	GlobalSection(SolutionConfigurationPlatforms) = preSolution
		Debug|Any CPU = Debug|Any CPU
		Release|Any CPU = Release|Any CPU
	EndGlobalSection
	GlobalSection(ProjectConfigurationPlatforms) = postSolution
		{541991D0-0224-4C34-AC3B-C91D6CB60035}.Debug|Any CPU.ActiveCfg = Debug|Any CPU
		{541991D0-0224-4C34-AC3B-C91D6CB60035}.Debug|Any CPU.Build.0 = Debug|Any CPU
		{541991D0-0224-4C34-AC3B-C91D6CB60035}.Release|Any CPU.ActiveCfg = Release|Any CPU
		{541991D0-0224-4C34-AC3B-C91D6CB60035}.Release|Any CPU.Build.0 = Release|Any CPU
		{D86DAA88-8481-48F5-B250-21D3F420FAAB}.Debug|Any CPU.ActiveCfg = Debug|Any CPU
		{D86DAA88-8481-48F5-B250-21D3F420FAAB}.Debug|Any CPU.Build.0 = Debug|Any CPU
		{D86DAA88-8481-48F5-B250-21D3F420FAAB}.Release|Any CPU.ActiveCfg = Release|Any CPU
		{D86DAA88-8481-48F5-B250-21D3F420FAAB}.Release|Any CPU.Build.0 = Release|Any CPU
	EndGlobalSection
	GlobalSection(SolutionProperties) = preSolution
		HideSolutionNode = FALSE
	EndGlobalSection
EndGlobal
